
Microsoft Visual Studio Solution File, Format Version 12.00
# Visual Studio Version 17
VisualStudioVersion = 17.8.34004.107
MinimumVisualStudioVersion = 10.0.40219.1
Project("{9A19103F-16F7-4668-BE54-9A1E7A4F7556}") = "MvcStuff", "MvcStuff\MvcStuff.csproj", "{5BE42B8D-83BC-47AA-8FDC-51F71110D396}"
EndProject
Project("{FAE04EC0-301F-11D3-BF4B-00C04F79EFBC}") = "MvcStuff.Domain", "MvcStuff.Domain\MvcStuff.Domain.csproj", "{C8BAFB03-2D58-414F-A6BA-C42A22BAE3DF}"
EndProject
Global
	GlobalSection(SolutionConfigurationPlatforms) = preSolution
		Debug|Any CPU = Debug|Any CPU
		Release|Any CPU = Release|Any CPU
	EndGlobalSection
	GlobalSection(ProjectConfigurationPlatforms) = postSolution
		{5BE42B8D-83BC-47AA-8FDC-51F71110D396}.Debug|Any CPU.ActiveCfg = Debug|Any CPU
		{5BE42B8D-83BC-47AA-8FDC-51F71110D396}.Debug|Any CPU.Build.0 = Debug|Any CPU
		{5BE42B8D-83BC-47AA-8FDC-51F71110D396}.Release|Any CPU.ActiveCfg = Release|Any CPU
		{5BE42B8D-83BC-47AA-8FDC-51F71110D396}.Release|Any CPU.Build.0 = Release|Any CPU
		{C8BAFB03-2D58-414F-A6BA-C42A22BAE3DF}.Debug|Any CPU.ActiveCfg = Debug|Any CPU
		{C8BAFB03-2D58-414F-A6BA-C42A22BAE3DF}.Debug|Any CPU.Build.0 = Debug|Any CPU
		{C8BAFB03-2D58-414F-A6BA-C42A22BAE3DF}.Release|Any CPU.ActiveCfg = Release|Any CPU
		{C8BAFB03-2D58-414F-A6BA-C42A22BAE3DF}.Release|Any CPU.Build.0 = Release|Any CPU
	EndGlobalSection
	GlobalSection(SolutionProperties) = preSolution
		HideSolutionNode = FALSE
	EndGlobalSection
	GlobalSection(ExtensibilityGlobals) = postSolution
		SolutionGuid = {2196EF4A-0A36-4973-A658-50AE53FED1E2}
	EndGlobalSection
EndGlobal
